// !$*UTF8*$!
{
	archiveVersion = 1;
	classes = {
	};
	objectVersion = 50;
	objects = {

/* Begin PBXBuildFile section */
		FD1FB4F7239F7EFD00A271BF /* AppDelegate.m in Sources */ = {isa = PBXBuildFile; fileRef = FD1FB4F6239F7EFD00A271BF /* AppDelegate.m */; };
		FD1FB4FD239F7EFD00A271BF /* ViewController.m in Sources */ = {isa = PBXBuildFile; fileRef = FD1FB4FC239F7EFD00A271BF /* ViewController.m */; };
		FD1FB502239F7EFF00A271BF /* Assets.xcassets in Resources */ = {isa = PBXBuildFile; fileRef = FD1FB501239F7EFF00A271BF /* Assets.xcassets */; };
		FD1FB505239F7EFF00A271BF /* LaunchScreen.storyboard in Resources */ = {isa = PBXBuildFile; fileRef = FD1FB503239F7EFF00A271BF /* LaunchScreen.storyboard */; };
		FD1FB508239F7EFF00A271BF /* main.m in Sources */ = {isa = PBXBuildFile; fileRef = FD1FB507239F7EFF00A271BF /* main.m */; };
		FD1FB512239F7EFF00A271BF /* ShoppingCarAnimationTests.m in Sources */ = {isa = PBXBuildFile; fileRef = FD1FB511239F7EFF00A271BF /* ShoppingCarAnimationTests.m */; };
		FD1FB51D239F7EFF00A271BF /* ShoppingCarAnimationUITests.m in Sources */ = {isa = PBXBuildFile; fileRef = FD1FB51C239F7EFF00A271BF /* ShoppingCarAnimationUITests.m */; };
		FD1FB558239F98CF00A271BF /* YWMainViewController.m in Sources */ = {isa = PBXBuildFile; fileRef = FD1FB549239F98CE00A271BF /* YWMainViewController.m */; };
		FD1FB559239F98CF00A271BF /* YWTabBarController.m in Sources */ = {isa = PBXBuildFile; fileRef = FD1FB54B239F98CE00A271BF /* YWTabBarController.m */; };
		FD1FB55A239F98CF00A271BF /* YWNavigationController.m in Sources */ = {isa = PBXBuildFile; fileRef = FD1FB54C239F98CE00A271BF /* YWNavigationController.m */; };
		FD1FB55B239F98CF00A271BF /* YWMainNavBarController.m in Sources */ = {isa = PBXBuildFile; fileRef = FD1FB54E239F98CE00A271BF /* YWMainNavBarController.m */; };
		FD1FB55E239F98CF00A271BF /* YWMainNavBar.m in Sources */ = {isa = PBXBuildFile; fileRef = FD1FB556239F98CF00A271BF /* YWMainNavBar.m */; };
		FD1FB57B239FC41C00A271BF /* YWHomeController.m in Sources */ = {isa = PBXBuildFile; fileRef = FD1FB568239FC41C00A271BF /* YWHomeController.m */; };
		FD1FB57C239FC41C00A271BF /* YWHomeController.xib in Resources */ = {isa = PBXBuildFile; fileRef = FD1FB569239FC41C00A271BF /* YWHomeController.xib */; };
		FD1FB57D239FC41C00A271BF /* newses.plist in Resources */ = {isa = PBXBuildFile; fileRef = FD1FB56C239FC41C00A271BF /* newses.plist */; };
		FD1FB57E239FC41C00A271BF /* tgs.plist in Resources */ = {isa = PBXBuildFile; fileRef = FD1FB56E239FC41C00A271BF /* tgs.plist */; };
		FD1FB57F239FC41C00A271BF /* YWAdStatus.m in Sources */ = {isa = PBXBuildFile; fileRef = FD1FB56F239FC41C00A271BF /* YWAdStatus.m */; };
		FD1FB580239FC41C00A271BF /* YWTgStatus.m in Sources */ = {isa = PBXBuildFile; fileRef = FD1FB570239FC41C00A271BF /* YWTgStatus.m */; };
		FD1FB581239FC41C00A271BF /* YWImageCell.m in Sources */ = {isa = PBXBuildFile; fileRef = FD1FB572239FC41C00A271BF /* YWImageCell.m */; };
		FD1FB582239FC41C00A271BF /* HomeHeaderView.m in Sources */ = {isa = PBXBuildFile; fileRef = FD1FB573239FC41C00A271BF /* HomeHeaderView.m */; };
		FD1FB583239FC41C00A271BF /* HomeHeaderView.xib in Resources */ = {isa = PBXBuildFile; fileRef = FD1FB574239FC41C00A271BF /* HomeHeaderView.xib */; };
		FD1FB584239FC41C00A271BF /* YWTgCell.m in Sources */ = {isa = PBXBuildFile; fileRef = FD1FB575239FC41C00A271BF /* YWTgCell.m */; };
		FD1FB585239FC41C00A271BF /* YWImageCell.xib in Resources */ = {isa = PBXBuildFile; fileRef = FD1FB576239FC41C00A271BF /* YWImageCell.xib */; };
		FD1FB586239FC41C00A271BF /* YWTgCell.xib in Resources */ = {isa = PBXBuildFile; fileRef = FD1FB577239FC41C00A271BF /* YWTgCell.xib */; };
		FD1FB59B239FCA4D00A271BF /* MJMember.m in Sources */ = {isa = PBXBuildFile; fileRef = FD1FB588239FCA4D00A271BF /* MJMember.m */; };
		FD1FB59C239FCA4D00A271BF /* NSObject+MJKeyValue.m in Sources */ = {isa = PBXBuildFile; fileRef = FD1FB58B239FCA4D00A271BF /* NSObject+MJKeyValue.m */; };
		FD1FB59D239FCA4D00A271BF /* MJIvar.m in Sources */ = {isa = PBXBuildFile; fileRef = FD1FB58C239FCA4D00A271BF /* MJIvar.m */; };
		FD1FB59E239FCA4D00A271BF /* MJType.m in Sources */ = {isa = PBXBuildFile; fileRef = FD1FB58E239FCA4D00A271BF /* MJType.m */; };
		FD1FB59F239FCA4D00A271BF /* MJTypeEncoding.m in Sources */ = {isa = PBXBuildFile; fileRef = FD1FB58F239FCA4D00A271BF /* MJTypeEncoding.m */; };
		FD1FB5A0239FCA4D00A271BF /* NSObject+MJCoding.m in Sources */ = {isa = PBXBuildFile; fileRef = FD1FB590239FCA4D00A271BF /* NSObject+MJCoding.m */; };
		FD1FB5A1239FCA4D00A271BF /* MJMethod.m in Sources */ = {isa = PBXBuildFile; fileRef = FD1FB593239FCA4D00A271BF /* MJMethod.m */; };
		FD1FB5A2239FCA4D00A271BF /* MJArgument.m in Sources */ = {isa = PBXBuildFile; fileRef = FD1FB594239FCA4D00A271BF /* MJArgument.m */; };
		FD1FB5A3239FCA4D00A271BF /* NSObject+MJMember.m in Sources */ = {isa = PBXBuildFile; fileRef = FD1FB59A239FCA4D00A271BF /* NSObject+MJMember.m */; };
		FD1FB5B8239FCCC600A271BF /* IMG_1493.jpg in Resources */ = {isa = PBXBuildFile; fileRef = FD1FB5A5239FCCC600A271BF /* IMG_1493.jpg */; };
		FD1FB5B9239FCCC600A271BF /* IMG_1492.jpg in Resources */ = {isa = PBXBuildFile; fileRef = FD1FB5A6239FCCC600A271BF /* IMG_1492.jpg */; };
		FD1FB5BA239FCCC600A271BF /* IMG_1490.jpg in Resources */ = {isa = PBXBuildFile; fileRef = FD1FB5A7239FCCC600A271BF /* IMG_1490.jpg */; };
		FD1FB5BB239FCCC600A271BF /* IMG_1491.jpg in Resources */ = {isa = PBXBuildFile; fileRef = FD1FB5A8239FCCC600A271BF /* IMG_1491.jpg */; };
		FD1FB5BC239FCCC600A271BF /* IMG_1495.jpg in Resources */ = {isa = PBXBuildFile; fileRef = FD1FB5A9239FCCC600A271BF /* IMG_1495.jpg */; };
		FD1FB5BD239FCCC600A271BF /* IMG_1494.jpg in Resources */ = {isa = PBXBuildFile; fileRef = FD1FB5AA239FCCC600A271BF /* IMG_1494.jpg */; };
		FD1FB5BE239FCCC600A271BF /* IMG_1496.jpg in Resources */ = {isa = PBXBuildFile; fileRef = FD1FB5AB239FCCC600A271BF /* IMG_1496.jpg */; };
		FD1FB5BF239FCCC600A271BF /* IMG_1497.jpg in Resources */ = {isa = PBXBuildFile; fileRef = FD1FB5AC239FCCC600A271BF /* IMG_1497.jpg */; };
		FD1FB5C0239FCCC600A271BF /* IMG_1499.jpg in Resources */ = {isa = PBXBuildFile; fileRef = FD1FB5AD239FCCC600A271BF /* IMG_1499.jpg */; };
		FD1FB5C1239FCCC600A271BF /* IMG_1498.jpg in Resources */ = {isa = PBXBuildFile; fileRef = FD1FB5AE239FCCC600A271BF /* IMG_1498.jpg */; };
		FD1FB5C2239FCCC600A271BF /* IMG_1500.jpg in Resources */ = {isa = PBXBuildFile; fileRef = FD1FB5AF239FCCC600A271BF /* IMG_1500.jpg */; };
		FD1FB5C3239FCCC600A271BF /* IMG_1505.jpg in Resources */ = {isa = PBXBuildFile; fileRef = FD1FB5B1239FCCC600A271BF /* IMG_1505.jpg */; };
		FD1FB5C4239FCCC600A271BF /* IMG_1504.jpg in Resources */ = {isa = PBXBuildFile; fileRef = FD1FB5B2239FCCC600A271BF /* IMG_1504.jpg */; };
		FD1FB5C5239FCCC600A271BF /* IMG_1506.jpg in Resources */ = {isa = PBXBuildFile; fileRef = FD1FB5B3239FCCC600A271BF /* IMG_1506.jpg */; };
		FD1FB5C6239FCCC600A271BF /* IMG_1507.jpg in Resources */ = {isa = PBXBuildFile; fileRef = FD1FB5B4239FCCC600A271BF /* IMG_1507.jpg */; };
		FD1FB5C7239FCCC600A271BF /* IMG_1503.jpg in Resources */ = {isa = PBXBuildFile; fileRef = FD1FB5B5239FCCC600A271BF /* IMG_1503.jpg */; };
		FD1FB5C8239FCCC600A271BF /* IMG_1502.jpg in Resources */ = {isa = PBXBuildFile; fileRef = FD1FB5B6239FCCC600A271BF /* IMG_1502.jpg */; };
		FD1FB5C9239FCCC600A271BF /* IMG_1501.jpg in Resources */ = {isa = PBXBuildFile; fileRef = FD1FB5B7239FCCC600A271BF /* IMG_1501.jpg */; };
/* End PBXBuildFile section */

/* Begin PBXContainerItemProxy section */
		FD1FB50E239F7EFF00A271BF /* PBXContainerItemProxy */ = {
			isa = PBXContainerItemProxy;
			containerPortal = FD1FB4EA239F7EFC00A271BF /* Project object */;
			proxyType = 1;
			remoteGlobalIDString = FD1FB4F1239F7EFC00A271BF;
			remoteInfo = ShoppingCarAnimation;
		};
		FD1FB519239F7EFF00A271BF /* PBXContainerItemProxy */ = {
			isa = PBXContainerItemProxy;
			containerPortal = FD1FB4EA239F7EFC00A271BF /* Project object */;
			proxyType = 1;
			remoteGlobalIDString = FD1FB4F1239F7EFC00A271BF;
			remoteInfo = ShoppingCarAnimation;
		};
/* End PBXContainerItemProxy section */

/* Begin PBXFileReference section */
		FD1FB4F2239F7EFC00A271BF /* ShoppingCarAnimation.app */ = {isa = PBXFileReference; explicitFileType = wrapper.application; includeInIndex = 0; path = ShoppingCarAnimation.app; sourceTree = BUILT_PRODUCTS_DIR; };
		FD1FB4F5239F7EFD00A271BF /* AppDelegate.h */ = {isa = PBXFileReference; lastKnownFileType = sourcecode.c.h; path = AppDelegate.h; sourceTree = "<group>"; };
		FD1FB4F6239F7EFD00A271BF /* AppDelegate.m */ = {isa = PBXFileReference; lastKnownFileType = sourcecode.c.objc; path = AppDelegate.m; sourceTree = "<group>"; };
		FD1FB4FB239F7EFD00A271BF /* ViewController.h */ = {isa = PBXFileReference; lastKnownFileType = sourcecode.c.h; path = ViewController.h; sourceTree = "<group>"; };
		FD1FB4FC239F7EFD00A271BF /* ViewController.m */ = {isa = PBXFileReference; lastKnownFileType = sourcecode.c.objc; path = ViewController.m; sourceTree = "<group>"; };
		FD1FB501239F7EFF00A271BF /* Assets.xcassets */ = {isa = PBXFileReference; lastKnownFileType = folder.assetcatalog; path = Assets.xcassets; sourceTree = "<group>"; };
		FD1FB504239F7EFF00A271BF /* Base */ = {isa = PBXFileReference; lastKnownFileType = file.storyboard; name = Base; path = Base.lproj/LaunchScreen.storyboard; sourceTree = "<group>"; };
		FD1FB506239F7EFF00A271BF /* Info.plist */ = {isa = PBXFileReference; lastKnownFileType = text.plist.xml; path = Info.plist; sourceTree = "<group>"; };
		FD1FB507239F7EFF00A271BF /* main.m */ = {isa = PBXFileReference; lastKnownFileType = sourcecode.c.objc; path = main.m; sourceTree = "<group>"; };
		FD1FB50D239F7EFF00A271BF /* ShoppingCarAnimationTests.xctest */ = {isa = PBXFileReference; explicitFileType = wrapper.cfbundle; includeInIndex = 0; path = ShoppingCarAnimationTests.xctest; sourceTree = BUILT_PRODUCTS_DIR; };
		FD1FB511239F7EFF00A271BF /* ShoppingCarAnimationTests.m */ = {isa = PBXFileReference; lastKnownFileType = sourcecode.c.objc; path = ShoppingCarAnimationTests.m; sourceTree = "<group>"; };
		FD1FB513239F7EFF00A271BF /* Info.plist */ = {isa = PBXFileReference; lastKnownFileType = text.plist.xml; path = Info.plist; sourceTree = "<group>"; };
		FD1FB518239F7EFF00A271BF /* ShoppingCarAnimationUITests.xctest */ = {isa = PBXFileReference; explicitFileType = wrapper.cfbundle; includeInIndex = 0; path = ShoppingCarAnimationUITests.xctest; sourceTree = BUILT_PRODUCTS_DIR; };
		FD1FB51C239F7EFF00A271BF /* ShoppingCarAnimationUITests.m */ = {isa = PBXFileReference; lastKnownFileType = sourcecode.c.objc; path = ShoppingCarAnimationUITests.m; sourceTree = "<group>"; };
		FD1FB51E239F7EFF00A271BF /* Info.plist */ = {isa = PBXFileReference; lastKnownFileType = text.plist.xml; path = Info.plist; sourceTree = "<group>"; };
		FD1FB547239F98CE00A271BF /* YWTabBarController.h */ = {isa = PBXFileReference; fileEncoding = 4; lastKnownFileType = sourcecode.c.h; path = YWTabBarController.h; sourceTree = "<group>"; };
		FD1FB548239F98CE00A271BF /* YWNavigationController.h */ = {isa = PBXFileReference; fileEncoding = 4; lastKnownFileType = sourcecode.c.h; path = YWNavigationController.h; sourceTree = "<group>"; };
		FD1FB549239F98CE00A271BF /* YWMainViewController.m */ = {isa = PBXFileReference; fileEncoding = 4; lastKnownFileType = sourcecode.c.objc; path = YWMainViewController.m; sourceTree = "<group>"; };
		FD1FB54A239F98CE00A271BF /* YWMainNavBarController.h */ = {isa = PBXFileReference; fileEncoding = 4; lastKnownFileType = sourcecode.c.h; path = YWMainNavBarController.h; sourceTree = "<group>"; };
		FD1FB54B239F98CE00A271BF /* YWTabBarController.m */ = {isa = PBXFileReference; fileEncoding = 4; lastKnownFileType = sourcecode.c.objc; path = YWTabBarController.m; sourceTree = "<group>"; };
		FD1FB54C239F98CE00A271BF /* YWNavigationController.m */ = {isa = PBXFileReference; fileEncoding = 4; lastKnownFileType = sourcecode.c.objc; path = YWNavigationController.m; sourceTree = "<group>"; };
		FD1FB54D239F98CE00A271BF /* YWMainViewController.h */ = {isa = PBXFileReference; fileEncoding = 4; lastKnownFileType = sourcecode.c.h; path = YWMainViewController.h; sourceTree = "<group>"; };
		FD1FB54E239F98CE00A271BF /* YWMainNavBarController.m */ = {isa = PBXFileReference; fileEncoding = 4; lastKnownFileType = sourcecode.c.objc; path = YWMainNavBarController.m; sourceTree = "<group>"; };
		FD1FB552239F98CE00A271BF /* YWMainNavBar.h */ = {isa = PBXFileReference; fileEncoding = 4; lastKnownFileType = sourcecode.c.h; path = YWMainNavBar.h; sourceTree = "<group>"; };
		FD1FB556239F98CF00A271BF /* YWMainNavBar.m */ = {isa = PBXFileReference; fileEncoding = 4; lastKnownFileType = sourcecode.c.objc; path = YWMainNavBar.m; sourceTree = "<group>"; };
		FD1FB567239FC41C00A271BF /* YWHomeController.h */ = {isa = PBXFileReference; fileEncoding = 4; lastKnownFileType = sourcecode.c.h; path = YWHomeController.h; sourceTree = "<group>"; };
		FD1FB568239FC41C00A271BF /* YWHomeController.m */ = {isa = PBXFileReference; fileEncoding = 4; lastKnownFileType = sourcecode.c.objc; path = YWHomeController.m; sourceTree = "<group>"; };
		FD1FB569239FC41C00A271BF /* YWHomeController.xib */ = {isa = PBXFileReference; fileEncoding = 4; lastKnownFileType = file.xib; path = YWHomeController.xib; sourceTree = "<group>"; };
		FD1FB56B239FC41C00A271BF /* YWAdStatus.h */ = {isa = PBXFileReference; fileEncoding = 4; lastKnownFileType = sourcecode.c.h; path = YWAdStatus.h; sourceTree = "<group>"; };
		FD1FB56C239FC41C00A271BF /* newses.plist */ = {isa = PBXFileReference; fileEncoding = 4; lastKnownFileType = text.plist.xml; path = newses.plist; sourceTree = "<group>"; };
		FD1FB56D239FC41C00A271BF /* YWTgStatus.h */ = {isa = PBXFileReference; fileEncoding = 4; lastKnownFileType = sourcecode.c.h; path = YWTgStatus.h; sourceTree = "<group>"; };
		FD1FB56E239FC41C00A271BF /* tgs.plist */ = {isa = PBXFileReference; fileEncoding = 4; lastKnownFileType = text.plist.xml; path = tgs.plist; sourceTree = "<group>"; };
		FD1FB56F239FC41C00A271BF /* YWAdStatus.m */ = {isa = PBXFileReference; fileEncoding = 4; lastKnownFileType = sourcecode.c.objc; path = YWAdStatus.m; sourceTree = "<group>"; };
		FD1FB570239FC41C00A271BF /* YWTgStatus.m */ = {isa = PBXFileReference; fileEncoding = 4; lastKnownFileType = sourcecode.c.objc; path = YWTgStatus.m; sourceTree = "<group>"; };
		FD1FB572239FC41C00A271BF /* YWImageCell.m */ = {isa = PBXFileReference; fileEncoding = 4; lastKnownFileType = sourcecode.c.objc; path = YWImageCell.m; sourceTree = "<group>"; };
		FD1FB573239FC41C00A271BF /* HomeHeaderView.m */ = {isa = PBXFileReference; fileEncoding = 4; lastKnownFileType = sourcecode.c.objc; path = HomeHeaderView.m; sourceTree = "<group>"; };
		FD1FB574239FC41C00A271BF /* HomeHeaderView.xib */ = {isa = PBXFileReference; fileEncoding = 4; lastKnownFileType = file.xib; path = HomeHeaderView.xib; sourceTree = "<group>"; };
		FD1FB575239FC41C00A271BF /* YWTgCell.m */ = {isa = PBXFileReference; fileEncoding = 4; lastKnownFileType = sourcecode.c.objc; path = YWTgCell.m; sourceTree = "<group>"; };
		FD1FB576239FC41C00A271BF /* YWImageCell.xib */ = {isa = PBXFileReference; fileEncoding = 4; lastKnownFileType = file.xib; path = YWImageCell.xib; sourceTree = "<group>"; };
		FD1FB577239FC41C00A271BF /* YWTgCell.xib */ = {isa = PBXFileReference; fileEncoding = 4; lastKnownFileType = file.xib; path = YWTgCell.xib; sourceTree = "<group>"; };
		FD1FB578239FC41C00A271BF /* HomeHeaderView.h */ = {isa = PBXFileReference; fileEncoding = 4; lastKnownFileType = sourcecode.c.h; path = HomeHeaderView.h; sourceTree = "<group>"; };
		FD1FB579239FC41C00A271BF /* YWImageCell.h */ = {isa = PBXFileReference; fileEncoding = 4; lastKnownFileType = sourcecode.c.h; path = YWImageCell.h; sourceTree = "<group>"; };
		FD1FB57A239FC41C00A271BF /* YWTgCell.h */ = {isa = PBXFileReference; fileEncoding = 4; lastKnownFileType = sourcecode.c.h; path = YWTgCell.h; sourceTree = "<group>"; };
		FD1FB588239FCA4D00A271BF /* MJMember.m */ = {isa = PBXFileReference; fileEncoding = 4; lastKnownFileType = sourcecode.c.objc; path = MJMember.m; sourceTree = "<group>"; };
		FD1FB589239FCA4D00A271BF /* MJArgument.h */ = {isa = PBXFileReference; fileEncoding = 4; lastKnownFileType = sourcecode.c.h; path = MJArgument.h; sourceTree = "<group>"; };
		FD1FB58A239FCA4D00A271BF /* MJMethod.h */ = {isa = PBXFileReference; fileEncoding = 4; lastKnownFileType = sourcecode.c.h; path = MJMethod.h; sourceTree = "<group>"; };
		FD1FB58B239FCA4D00A271BF /* NSObject+MJKeyValue.m */ = {isa = PBXFileReference; fileEncoding = 4; lastKnownFileType = sourcecode.c.objc; path = "NSObject+MJKeyValue.m"; sourceTree = "<group>"; };
		FD1FB58C239FCA4D00A271BF /* MJIvar.m */ = {isa = PBXFileReference; fileEncoding = 4; lastKnownFileType = sourcecode.c.objc; path = MJIvar.m; sourceTree = "<group>"; };
		FD1FB58D239FCA4D00A271BF /* NSObject+MJMember.h */ = {isa = PBXFileReference; fileEncoding = 4; lastKnownFileType = sourcecode.c.h; path = "NSObject+MJMember.h"; sourceTree = "<group>"; };
		FD1FB58E239FCA4D00A271BF /* MJType.m */ = {isa = PBXFileReference; fileEncoding = 4; lastKnownFileType = sourcecode.c.objc; path = MJType.m; sourceTree = "<group>"; };
		FD1FB58F239FCA4D00A271BF /* MJTypeEncoding.m */ = {isa = PBXFileReference; fileEncoding = 4; lastKnownFileType = sourcecode.c.objc; path = MJTypeEncoding.m; sourceTree = "<group>"; };
		FD1FB590239FCA4D00A271BF /* NSObject+MJCoding.m */ = {isa = PBXFileReference; fileEncoding = 4; lastKnownFileType = sourcecode.c.objc; path = "NSObject+MJCoding.m"; sourceTree = "<group>"; };
		FD1FB591239FCA4D00A271BF /* MJExtension.h */ = {isa = PBXFileReference; fileEncoding = 4; lastKnownFileType = sourcecode.c.h; path = MJExtension.h; sourceTree = "<group>"; };
		FD1FB592239FCA4D00A271BF /* MJMember.h */ = {isa = PBXFileReference; fileEncoding = 4; lastKnownFileType = sourcecode.c.h; path = MJMember.h; sourceTree = "<group>"; };
		FD1FB593239FCA4D00A271BF /* MJMethod.m */ = {isa = PBXFileReference; fileEncoding = 4; lastKnownFileType = sourcecode.c.objc; path = MJMethod.m; sourceTree = "<group>"; };
		FD1FB594239FCA4D00A271BF /* MJArgument.m */ = {isa = PBXFileReference; fileEncoding = 4; lastKnownFileType = sourcecode.c.objc; path = MJArgument.m; sourceTree = "<group>"; };
		FD1FB595239FCA4D00A271BF /* MJIvar.h */ = {isa = PBXFileReference; fileEncoding = 4; lastKnownFileType = sourcecode.c.h; path = MJIvar.h; sourceTree = "<group>"; };
		FD1FB596239FCA4D00A271BF /* NSObject+MJKeyValue.h */ = {isa = PBXFileReference; fileEncoding = 4; lastKnownFileType = sourcecode.c.h; path = "NSObject+MJKeyValue.h"; sourceTree = "<group>"; };
		FD1FB597239FCA4D00A271BF /* NSObject+MJCoding.h */ = {isa = PBXFileReference; fileEncoding = 4; lastKnownFileType = sourcecode.c.h; path = "NSObject+MJCoding.h"; sourceTree = "<group>"; };
		FD1FB598239FCA4D00A271BF /* MJTypeEncoding.h */ = {isa = PBXFileReference; fileEncoding = 4; lastKnownFileType = sourcecode.c.h; path = MJTypeEncoding.h; sourceTree = "<group>"; };
		FD1FB599239FCA4D00A271BF /* MJType.h */ = {isa = PBXFileReference; fileEncoding = 4; lastKnownFileType = sourcecode.c.h; path = MJType.h; sourceTree = "<group>"; };
		FD1FB59A239FCA4D00A271BF /* NSObject+MJMember.m */ = {isa = PBXFileReference; fileEncoding = 4; lastKnownFileType = sourcecode.c.objc; path = "NSObject+MJMember.m"; sourceTree = "<group>"; };
		FD1FB5A5239FCCC600A271BF /* IMG_1493.jpg */ = {isa = PBXFileReference; lastKnownFileType = image.jpeg; path = IMG_1493.jpg; sourceTree = "<group>"; };
		FD1FB5A6239FCCC600A271BF /* IMG_1492.jpg */ = {isa = PBXFileReference; lastKnownFileType = image.jpeg; path = IMG_1492.jpg; sourceTree = "<group>"; };
		FD1FB5A7239FCCC600A271BF /* IMG_1490.jpg */ = {isa = PBXFileReference; lastKnownFileType = image.jpeg; path = IMG_1490.jpg; sourceTree = "<group>"; };
		FD1FB5A8239FCCC600A271BF /* IMG_1491.jpg */ = {isa = PBXFileReference; lastKnownFileType = image.jpeg; path = IMG_1491.jpg; sourceTree = "<group>"; };
		FD1FB5A9239FCCC600A271BF /* IMG_1495.jpg */ = {isa = PBXFileReference; lastKnownFileType = image.jpeg; path = IMG_1495.jpg; sourceTree = "<group>"; };
		FD1FB5AA239FCCC600A271BF /* IMG_1494.jpg */ = {isa = PBXFileReference; lastKnownFileType = image.jpeg; path = IMG_1494.jpg; sourceTree = "<group>"; };
		FD1FB5AB239FCCC600A271BF /* IMG_1496.jpg */ = {isa = PBXFileReference; lastKnownFileType = image.jpeg; path = IMG_1496.jpg; sourceTree = "<group>"; };
		FD1FB5AC239FCCC600A271BF /* IMG_1497.jpg */ = {isa = PBXFileReference; lastKnownFileType = image.jpeg; path = IMG_1497.jpg; sourceTree = "<group>"; };
		FD1FB5AD239FCCC600A271BF /* IMG_1499.jpg */ = {isa = PBXFileReference; lastKnownFileType = image.jpeg; path = IMG_1499.jpg; sourceTree = "<group>"; };
		FD1FB5AE239FCCC600A271BF /* IMG_1498.jpg */ = {isa = PBXFileReference; lastKnownFileType = image.jpeg; path = IMG_1498.jpg; sourceTree = "<group>"; };
		FD1FB5AF239FCCC600A271BF /* IMG_1500.jpg */ = {isa = PBXFileReference; lastKnownFileType = image.jpeg; path = IMG_1500.jpg; sourceTree = "<group>"; };
		FD1FB5B1239FCCC600A271BF /* IMG_1505.jpg */ = {isa = PBXFileReference; lastKnownFileType = image.jpeg; path = IMG_1505.jpg; sourceTree = "<group>"; };
		FD1FB5B2239FCCC600A271BF /* IMG_1504.jpg */ = {isa = PBXFileReference; lastKnownFileType = image.jpeg; path = IMG_1504.jpg; sourceTree = "<group>"; };
		FD1FB5B3239FCCC600A271BF /* IMG_1506.jpg */ = {isa = PBXFileReference; lastKnownFileType = image.jpeg; path = IMG_1506.jpg; sourceTree = "<group>"; };
		FD1FB5B4239FCCC600A271BF /* IMG_1507.jpg */ = {isa = PBXFileReference; lastKnownFileType = image.jpeg; path = IMG_1507.jpg; sourceTree = "<group>"; };
		FD1FB5B5239FCCC600A271BF /* IMG_1503.jpg */ = {isa = PBXFileReference; lastKnownFileType = image.jpeg; path = IMG_1503.jpg; sourceTree = "<group>"; };
		FD1FB5B6239FCCC600A271BF /* IMG_1502.jpg */ = {isa = PBXFileReference; lastKnownFileType = image.jpeg; path = IMG_1502.jpg; sourceTree = "<group>"; };
		FD1FB5B7239FCCC600A271BF /* IMG_1501.jpg */ = {isa = PBXFileReference; lastKnownFileType = image.jpeg; path = IMG_1501.jpg; sourceTree = "<group>"; };
/* End PBXFileReference section */

/* Begin PBXFrameworksBuildPhase section */
		FD1FB4EF239F7EFC00A271BF /* Frameworks */ = {
			isa = PBXFrameworksBuildPhase;
			buildActionMask = 2147483647;
			files = (
			);
			runOnlyForDeploymentPostprocessing = 0;
		};
		FD1FB50A239F7EFF00A271BF /* Frameworks */ = {
			isa = PBXFrameworksBuildPhase;
			buildActionMask = 2147483647;
			files = (
			);
			runOnlyForDeploymentPostprocessing = 0;
		};
		FD1FB515239F7EFF00A271BF /* Frameworks */ = {
			isa = PBXFrameworksBuildPhase;
			buildActionMask = 2147483647;
			files = (
			);
			runOnlyForDeploymentPostprocessing = 0;
		};
/* End PBXFrameworksBuildPhase section */

/* Begin PBXGroup section */
		FD1FB4E9239F7EFC00A271BF = {
			isa = PBXGroup;
			children = (
				FD1FB4F4239F7EFC00A271BF /* ShoppingCarAnimation */,
				FD1FB510239F7EFF00A271BF /* ShoppingCarAnimationTests */,
				FD1FB51B239F7EFF00A271BF /* ShoppingCarAnimationUITests */,
				FD1FB4F3239F7EFC00A271BF /* Products */,
			);
			sourceTree = "<group>";
		};
		FD1FB4F3239F7EFC00A271BF /* Products */ = {
			isa = PBXGroup;
			children = (
				FD1FB4F2239F7EFC00A271BF /* ShoppingCarAnimation.app */,
				FD1FB50D239F7EFF00A271BF /* ShoppingCarAnimationTests.xctest */,
				FD1FB518239F7EFF00A271BF /* ShoppingCarAnimationUITests.xctest */,
			);
			name = Products;
			sourceTree = "<group>";
		};
		FD1FB4F4239F7EFC00A271BF /* ShoppingCarAnimation */ = {
			isa = PBXGroup;
			children = (
				FD1FB565239FC41C00A271BF /* Home(首页) */,
				FD1FB545239F98CE00A271BF /* Main(主要的) */,
				FD1FB5A4239FCCC600A271BF /* tupian */,
				FD1FB5B0239FCCC600A271BF /* tupian2 */,
				FD1FB587239FCA4D00A271BF /* MJExtension */,
				FD1FB4F5239F7EFD00A271BF /* AppDelegate.h */,
				FD1FB4F6239F7EFD00A271BF /* AppDelegate.m */,
				FD1FB4FB239F7EFD00A271BF /* ViewController.h */,
				FD1FB4FC239F7EFD00A271BF /* ViewController.m */,
				FD1FB501239F7EFF00A271BF /* Assets.xcassets */,
				FD1FB503239F7EFF00A271BF /* LaunchScreen.storyboard */,
				FD1FB506239F7EFF00A271BF /* Info.plist */,
				FD1FB507239F7EFF00A271BF /* main.m */,
			);
			path = ShoppingCarAnimation;
			sourceTree = "<group>";
		};
		FD1FB510239F7EFF00A271BF /* ShoppingCarAnimationTests */ = {
			isa = PBXGroup;
			children = (
				FD1FB511239F7EFF00A271BF /* ShoppingCarAnimationTests.m */,
				FD1FB513239F7EFF00A271BF /* Info.plist */,
			);
			path = ShoppingCarAnimationTests;
			sourceTree = "<group>";
		};
		FD1FB51B239F7EFF00A271BF /* ShoppingCarAnimationUITests */ = {
			isa = PBXGroup;
			children = (
				FD1FB51C239F7EFF00A271BF /* ShoppingCarAnimationUITests.m */,
				FD1FB51E239F7EFF00A271BF /* Info.plist */,
			);
			path = ShoppingCarAnimationUITests;
			sourceTree = "<group>";
		};
		FD1FB545239F98CE00A271BF /* Main(主要的) */ = {
			isa = PBXGroup;
			children = (
				FD1FB546239F98CE00A271BF /* Controller */,
				FD1FB54F239F98CE00A271BF /* View */,
			);
			path = "Main(主要的)";
			sourceTree = "<group>";
		};
		FD1FB546239F98CE00A271BF /* Controller */ = {
			isa = PBXGroup;
			children = (
				FD1FB547239F98CE00A271BF /* YWTabBarController.h */,
				FD1FB54B239F98CE00A271BF /* YWTabBarController.m */,
				FD1FB548239F98CE00A271BF /* YWNavigationController.h */,
				FD1FB54C239F98CE00A271BF /* YWNavigationController.m */,
				FD1FB54A239F98CE00A271BF /* YWMainNavBarController.h */,
				FD1FB54E239F98CE00A271BF /* YWMainNavBarController.m */,
				FD1FB54D239F98CE00A271BF /* YWMainViewController.h */,
				FD1FB549239F98CE00A271BF /* YWMainViewController.m */,
			);
			path = Controller;
			sourceTree = "<group>";
		};
		FD1FB54F239F98CE00A271BF /* View */ = {
			isa = PBXGroup;
			children = (
				FD1FB552239F98CE00A271BF /* YWMainNavBar.h */,
				FD1FB556239F98CF00A271BF /* YWMainNavBar.m */,
			);
			path = View;
			sourceTree = "<group>";
		};
		FD1FB565239FC41C00A271BF /* Home(首页) */ = {
			isa = PBXGroup;
			children = (
				FD1FB566239FC41C00A271BF /* Controller */,
				FD1FB56A239FC41C00A271BF /* Model */,
				FD1FB571239FC41C00A271BF /* View */,
			);
			path = "Home(首页)";
			sourceTree = "<group>";
		};
		FD1FB566239FC41C00A271BF /* Controller */ = {
			isa = PBXGroup;
			children = (
				FD1FB567239FC41C00A271BF /* YWHomeController.h */,
				FD1FB568239FC41C00A271BF /* YWHomeController.m */,
				FD1FB569239FC41C00A271BF /* YWHomeController.xib */,
			);
			path = Controller;
			sourceTree = "<group>";
		};
		FD1FB56A239FC41C00A271BF /* Model */ = {
			isa = PBXGroup;
			children = (
				FD1FB56B239FC41C00A271BF /* YWAdStatus.h */,
				FD1FB56C239FC41C00A271BF /* newses.plist */,
				FD1FB56D239FC41C00A271BF /* YWTgStatus.h */,
				FD1FB56E239FC41C00A271BF /* tgs.plist */,
				FD1FB56F239FC41C00A271BF /* YWAdStatus.m */,
				FD1FB570239FC41C00A271BF /* YWTgStatus.m */,
			);
			path = Model;
			sourceTree = "<group>";
		};
		FD1FB571239FC41C00A271BF /* View */ = {
			isa = PBXGroup;
			children = (
				FD1FB572239FC41C00A271BF /* YWImageCell.m */,
				FD1FB573239FC41C00A271BF /* HomeHeaderView.m */,
				FD1FB574239FC41C00A271BF /* HomeHeaderView.xib */,
				FD1FB575239FC41C00A271BF /* YWTgCell.m */,
				FD1FB576239FC41C00A271BF /* YWImageCell.xib */,
				FD1FB577239FC41C00A271BF /* YWTgCell.xib */,
				FD1FB578239FC41C00A271BF /* HomeHeaderView.h */,
				FD1FB579239FC41C00A271BF /* YWImageCell.h */,
				FD1FB57A239FC41C00A271BF /* YWTgCell.h */,
			);
			path = View;
			sourceTree = "<group>";
		};
		FD1FB587239FCA4D00A271BF /* MJExtension */ = {
			isa = PBXGroup;
			children = (
				FD1FB588239FCA4D00A271BF /* MJMember.m */,
				FD1FB589239FCA4D00A271BF /* MJArgument.h */,
				FD1FB58A239FCA4D00A271BF /* MJMethod.h */,
				FD1FB58B239FCA4D00A271BF /* NSObject+MJKeyValue.m */,
				FD1FB58C239FCA4D00A271BF /* MJIvar.m */,
				FD1FB58D239FCA4D00A271BF /* NSObject+MJMember.h */,
				FD1FB58E239FCA4D00A271BF /* MJType.m */,
				FD1FB58F239FCA4D00A271BF /* MJTypeEncoding.m */,
				FD1FB590239FCA4D00A271BF /* NSObject+MJCoding.m */,
				FD1FB591239FCA4D00A271BF /* MJExtension.h */,
				FD1FB592239FCA4D00A271BF /* MJMember.h */,
				FD1FB593239FCA4D00A271BF /* MJMethod.m */,
				FD1FB594239FCA4D00A271BF /* MJArgument.m */,
				FD1FB595239FCA4D00A271BF /* MJIvar.h */,
				FD1FB596239FCA4D00A271BF /* NSObject+MJKeyValue.h */,
				FD1FB597239FCA4D00A271BF /* NSObject+MJCoding.h */,
				FD1FB598239FCA4D00A271BF /* MJTypeEncoding.h */,
				FD1FB599239FCA4D00A271BF /* MJType.h */,
				FD1FB59A239FCA4D00A271BF /* NSObject+MJMember.m */,
			);
			path = MJExtension;
			sourceTree = "<group>";
		};
		FD1FB5A4239FCCC600A271BF /* tupian */ = {
			isa = PBXGroup;
			children = (
				FD1FB5A5239FCCC600A271BF /* IMG_1493.jpg */,
				FD1FB5A6239FCCC600A271BF /* IMG_1492.jpg */,
				FD1FB5A7239FCCC600A271BF /* IMG_1490.jpg */,
				FD1FB5A8239FCCC600A271BF /* IMG_1491.jpg */,
				FD1FB5A9239FCCC600A271BF /* IMG_1495.jpg */,
				FD1FB5AA239FCCC600A271BF /* IMG_1494.jpg */,
				FD1FB5AB239FCCC600A271BF /* IMG_1496.jpg */,
				FD1FB5AC239FCCC600A271BF /* IMG_1497.jpg */,
				FD1FB5AD239FCCC600A271BF /* IMG_1499.jpg */,
				FD1FB5AE239FCCC600A271BF /* IMG_1498.jpg */,
				FD1FB5AF239FCCC600A271BF /* IMG_1500.jpg */,
			);
			path = tupian;
			sourceTree = "<group>";
		};
		FD1FB5B0239FCCC600A271BF /* tupian2 */ = {
			isa = PBXGroup;
			children = (
				FD1FB5B1239FCCC600A271BF /* IMG_1505.jpg */,
				FD1FB5B2239FCCC600A271BF /* IMG_1504.jpg */,
				FD1FB5B3239FCCC600A271BF /* IMG_1506.jpg */,
				FD1FB5B4239FCCC600A271BF /* IMG_1507.jpg */,
				FD1FB5B5239FCCC600A271BF /* IMG_1503.jpg */,
				FD1FB5B6239FCCC600A271BF /* IMG_1502.jpg */,
				FD1FB5B7239FCCC600A271BF /* IMG_1501.jpg */,
			);
			path = tupian2;
			sourceTree = "<group>";
		};
/* End PBXGroup section */

/* Begin PBXNativeTarget section */
		FD1FB4F1239F7EFC00A271BF /* ShoppingCarAnimation */ = {
			isa = PBXNativeTarget;
			buildConfigurationList = FD1FB521239F7EFF00A271BF /* Build configuration list for PBXNativeTarget "ShoppingCarAnimation" */;
			buildPhases = (
				FD1FB4EE239F7EFC00A271BF /* Sources */,
				FD1FB4EF239F7EFC00A271BF /* Frameworks */,
				FD1FB4F0239F7EFC00A271BF /* Resources */,
			);
			buildRules = (
			);
			dependencies = (
			);
			name = ShoppingCarAnimation;
			productName = ShoppingCarAnimation;
			productReference = FD1FB4F2239F7EFC00A271BF /* ShoppingCarAnimation.app */;
			productType = "com.apple.product-type.application";
		};
		FD1FB50C239F7EFF00A271BF /* ShoppingCarAnimationTests */ = {
			isa = PBXNativeTarget;
			buildConfigurationList = FD1FB524239F7EFF00A271BF /* Build configuration list for PBXNativeTarget "ShoppingCarAnimationTests" */;
			buildPhases = (
				FD1FB509239F7EFF00A271BF /* Sources */,
				FD1FB50A239F7EFF00A271BF /* Frameworks */,
				FD1FB50B239F7EFF00A271BF /* Resources */,
			);
			buildRules = (
			);
			dependencies = (
				FD1FB50F239F7EFF00A271BF /* PBXTargetDependency */,
			);
			name = ShoppingCarAnimationTests;
			productName = ShoppingCarAnimationTests;
			productReference = FD1FB50D239F7EFF00A271BF /* ShoppingCarAnimationTests.xctest */;
			productType = "com.apple.product-type.bundle.unit-test";
		};
		FD1FB517239F7EFF00A271BF /* ShoppingCarAnimationUITests */ = {
			isa = PBXNativeTarget;
			buildConfigurationList = FD1FB527239F7EFF00A271BF /* Build configuration list for PBXNativeTarget "ShoppingCarAnimationUITests" */;
			buildPhases = (
				FD1FB514239F7EFF00A271BF /* Sources */,
				FD1FB515239F7EFF00A271BF /* Frameworks */,
				FD1FB516239F7EFF00A271BF /* Resources */,
			);
			buildRules = (
			);
			dependencies = (
				FD1FB51A239F7EFF00A271BF /* PBXTargetDependency */,
			);
			name = ShoppingCarAnimationUITests;
			productName = ShoppingCarAnimationUITests;
			productReference = FD1FB518239F7EFF00A271BF /* ShoppingCarAnimationUITests.xctest */;
			productType = "com.apple.product-type.bundle.ui-testing";
		};
/* End PBXNativeTarget section */

/* Begin PBXProject section */
		FD1FB4EA239F7EFC00A271BF /* Project object */ = {
			isa = PBXProject;
			attributes = {
				LastUpgradeCheck = 1110;
				ORGANIZATIONNAME = YW;
				TargetAttributes = {
					FD1FB4F1239F7EFC00A271BF = {
						CreatedOnToolsVersion = 11.1;
					};
					FD1FB50C239F7EFF00A271BF = {
						CreatedOnToolsVersion = 11.1;
						TestTargetID = FD1FB4F1239F7EFC00A271BF;
					};
					FD1FB517239F7EFF00A271BF = {
						CreatedOnToolsVersion = 11.1;
						TestTargetID = FD1FB4F1239F7EFC00A271BF;
					};
				};
			};
			buildConfigurationList = FD1FB4ED239F7EFC00A271BF /* Build configuration list for PBXProject "ShoppingCarAnimation" */;
			compatibilityVersion = "Xcode 9.3";
			developmentRegion = en;
			hasScannedForEncodings = 0;
			knownRegions = (
				en,
				Base,
			);
			mainGroup = FD1FB4E9239F7EFC00A271BF;
			productRefGroup = FD1FB4F3239F7EFC00A271BF /* Products */;
			projectDirPath = "";
			projectRoot = "";
			targets = (
				FD1FB4F1239F7EFC00A271BF /* ShoppingCarAnimation */,
				FD1FB50C239F7EFF00A271BF /* ShoppingCarAnimationTests */,
				FD1FB517239F7EFF00A271BF /* ShoppingCarAnimationUITests */,
			);
		};
/* End PBXProject section */

/* Begin PBXResourcesBuildPhase section */
		FD1FB4F0239F7EFC00A271BF /* Resources */ = {
			isa = PBXResourcesBuildPhase;
			buildActionMask = 2147483647;
			files = (
				FD1FB5BC239FCCC600A271BF /* IMG_1495.jpg in Resources */,
				FD1FB5C8239FCCC600A271BF /* IMG_1502.jpg in Resources */,
				FD1FB5BE239FCCC600A271BF /* IMG_1496.jpg in Resources */,
				FD1FB586239FC41C00A271BF /* YWTgCell.xib in Resources */,
				FD1FB5B9239FCCC600A271BF /* IMG_1492.jpg in Resources */,
				FD1FB5BD239FCCC600A271BF /* IMG_1494.jpg in Resources */,
				FD1FB5C9239FCCC600A271BF /* IMG_1501.jpg in Resources */,
				FD1FB5C6239FCCC600A271BF /* IMG_1507.jpg in Resources */,
				FD1FB57E239FC41C00A271BF /* tgs.plist in Resources */,
				FD1FB5C3239FCCC600A271BF /* IMG_1505.jpg in Resources */,
				FD1FB505239F7EFF00A271BF /* LaunchScreen.storyboard in Resources */,
				FD1FB583239FC41C00A271BF /* HomeHeaderView.xib in Resources */,
				FD1FB5C5239FCCC600A271BF /* IMG_1506.jpg in Resources */,
				FD1FB5BA239FCCC600A271BF /* IMG_1490.jpg in Resources */,
				FD1FB5C0239FCCC600A271BF /* IMG_1499.jpg in Resources */,
				FD1FB5B8239FCCC600A271BF /* IMG_1493.jpg in Resources */,
				FD1FB57C239FC41C00A271BF /* YWHomeController.xib in Resources */,
				FD1FB5C4239FCCC600A271BF /* IMG_1504.jpg in Resources */,
				FD1FB5C7239FCCC600A271BF /* IMG_1503.jpg in Resources */,
				FD1FB502239F7EFF00A271BF /* Assets.xcassets in Resources */,
				FD1FB5C1239FCCC600A271BF /* IMG_1498.jpg in Resources */,
				FD1FB5BF239FCCC600A271BF /* IMG_1497.jpg in Resources */,
				FD1FB57D239FC41C00A271BF /* newses.plist in Resources */,
				FD1FB5C2239FCCC600A271BF /* IMG_1500.jpg in Resources */,
				FD1FB5BB239FCCC600A271BF /* IMG_1491.jpg in Resources */,
				FD1FB585239FC41C00A271BF /* YWImageCell.xib in Resources */,
			);
			runOnlyForDeploymentPostprocessing = 0;
		};
		FD1FB50B239F7EFF00A271BF /* Resources */ = {
			isa = PBXResourcesBuildPhase;
			buildActionMask = 2147483647;
			files = (
			);
			runOnlyForDeploymentPostprocessing = 0;
		};
		FD1FB516239F7EFF00A271BF /* Resources */ = {
			isa = PBXResourcesBuildPhase;
			buildActionMask = 2147483647;
			files = (
			);
			runOnlyForDeploymentPostprocessing = 0;
		};
/* End PBXResourcesBuildPhase section */

/* Begin PBXSourcesBuildPhase section */
		FD1FB4EE239F7EFC00A271BF /* Sources */ = {
			isa = PBXSourcesBuildPhase;
			buildActionMask = 2147483647;
			files = (
				FD1FB59C239FCA4D00A271BF /* NSObject+MJKeyValue.m in Sources */,
				FD1FB57F239FC41C00A271BF /* YWAdStatus.m in Sources */,
				FD1FB55B239F98CF00A271BF /* YWMainNavBarController.m in Sources */,
				FD1FB559239F98CF00A271BF /* YWTabBarController.m in Sources */,
				FD1FB5A0239FCA4D00A271BF /* NSObject+MJCoding.m in Sources */,
				FD1FB55A239F98CF00A271BF /* YWNavigationController.m in Sources */,
				FD1FB582239FC41C00A271BF /* HomeHeaderView.m in Sources */,
				FD1FB4FD239F7EFD00A271BF /* ViewController.m in Sources */,
				FD1FB59F239FCA4D00A271BF /* MJTypeEncoding.m in Sources */,
				FD1FB55E239F98CF00A271BF /* YWMainNavBar.m in Sources */,
				FD1FB57B239FC41C00A271BF /* YWHomeController.m in Sources */,
				FD1FB5A3239FCA4D00A271BF /* NSObject+MJMember.m in Sources */,
				FD1FB5A2239FCA4D00A271BF /* MJArgument.m in Sources */,
				FD1FB558239F98CF00A271BF /* YWMainViewController.m in Sources */,
				FD1FB59E239FCA4D00A271BF /* MJType.m in Sources */,
				FD1FB59D239FCA4D00A271BF /* MJIvar.m in Sources */,
				FD1FB4F7239F7EFD00A271BF /* AppDelegate.m in Sources */,
				FD1FB580239FC41C00A271BF /* YWTgStatus.m in Sources */,
				FD1FB508239F7EFF00A271BF /* main.m in Sources */,
				FD1FB5A1239FCA4D00A271BF /* MJMethod.m in Sources */,
				FD1FB584239FC41C00A271BF /* YWTgCell.m in Sources */,
				FD1FB59B239FCA4D00A271BF /* MJMember.m in Sources */,
				FD1FB581239FC41C00A271BF /* YWImageCell.m in Sources */,
			);
			runOnlyForDeploymentPostprocessing = 0;
		};
		FD1FB509239F7EFF00A271BF /* Sources */ = {
			isa = PBXSourcesBuildPhase;
			buildActionMask = 2147483647;
			files = (
				FD1FB512239F7EFF00A271BF /* ShoppingCarAnimationTests.m in Sources */,
			);
			runOnlyForDeploymentPostprocessing = 0;
		};
		FD1FB514239F7EFF00A271BF /* Sources */ = {
			isa = PBXSourcesBuildPhase;
			buildActionMask = 2147483647;
			files = (
				FD1FB51D239F7EFF00A271BF /* ShoppingCarAnimationUITests.m in Sources */,
			);
			runOnlyForDeploymentPostprocessing = 0;
		};
/* End PBXSourcesBuildPhase section */

/* Begin PBXTargetDependency section */
		FD1FB50F239F7EFF00A271BF /* PBXTargetDependency */ = {
			isa = PBXTargetDependency;
			target = FD1FB4F1239F7EFC00A271BF /* ShoppingCarAnimation */;
			targetProxy = FD1FB50E239F7EFF00A271BF /* PBXContainerItemProxy */;
		};
		FD1FB51A239F7EFF00A271BF /* PBXTargetDependency */ = {
			isa = PBXTargetDependency;
			target = FD1FB4F1239F7EFC00A271BF /* ShoppingCarAnimation */;
			targetProxy = FD1FB519239F7EFF00A271BF /* PBXContainerItemProxy */;
		};
/* End PBXTargetDependency section */

/* Begin PBXVariantGroup section */
		FD1FB503239F7EFF00A271BF /* LaunchScreen.storyboard */ = {
			isa = PBXVariantGroup;
			children = (
				FD1FB504239F7EFF00A271BF /* Base */,
			);
			name = LaunchScreen.storyboard;
			sourceTree = "<group>";
		};
/* End PBXVariantGroup section */

/* Begin XCBuildConfiguration section */
		FD1FB51F239F7EFF00A271BF /* Debug */ = {
			isa = XCBuildConfiguration;
			buildSettings = {
				ALWAYS_SEARCH_USER_PATHS = NO;
				CLANG_ANALYZER_NONNULL = YES;
				CLANG_ANALYZER_NUMBER_OBJECT_CONVERSION = YES_AGGRESSIVE;
				CLANG_CXX_LANGUAGE_STANDARD = "gnu++14";
				CLANG_CXX_LIBRARY = "libc++";
				CLANG_ENABLE_MODULES = YES;
				CLANG_ENABLE_OBJC_ARC = YES;
				CLANG_ENABLE_OBJC_WEAK = YES;
				CLANG_WARN_BLOCK_CAPTURE_AUTORELEASING = YES;
				CLANG_WARN_BOOL_CONVERSION = YES;
				CLANG_WARN_COMMA = YES;
				CLANG_WARN_CONSTANT_CONVERSION = YES;
				CLANG_WARN_DEPRECATED_OBJC_IMPLEMENTATIONS = YES;
				CLANG_WARN_DIRECT_OBJC_ISA_USAGE = YES_ERROR;
				CLANG_WARN_DOCUMENTATION_COMMENTS = YES;
				CLANG_WARN_EMPTY_BODY = YES;
				CLANG_WARN_ENUM_CONVERSION = YES;
				CLANG_WARN_INFINITE_RECURSION = YES;
				CLANG_WARN_INT_CONVERSION = YES;
				CLANG_WARN_NON_LITERAL_NULL_CONVERSION = YES;
				CLANG_WARN_OBJC_IMPLICIT_RETAIN_SELF = YES;
				CLANG_WARN_OBJC_LITERAL_CONVERSION = YES;
				CLANG_WARN_OBJC_ROOT_CLASS = YES_ERROR;
				CLANG_WARN_RANGE_LOOP_ANALYSIS = YES;
				CLANG_WARN_STRICT_PROTOTYPES = YES;
				CLANG_WARN_SUSPICIOUS_MOVE = YES;
				CLANG_WARN_UNGUARDED_AVAILABILITY = YES_AGGRESSIVE;
				CLANG_WARN_UNREACHABLE_CODE = YES;
				CLANG_WARN__DUPLICATE_METHOD_MATCH = YES;
				COPY_PHASE_STRIP = NO;
				DEBUG_INFORMATION_FORMAT = dwarf;
				ENABLE_STRICT_OBJC_MSGSEND = YES;
				ENABLE_TESTABILITY = YES;
				GCC_C_LANGUAGE_STANDARD = gnu11;
				GCC_DYNAMIC_NO_PIC = NO;
				GCC_NO_COMMON_BLOCKS = YES;
				GCC_OPTIMIZATION_LEVEL = 0;
				GCC_PREPROCESSOR_DEFINITIONS = (
					"DEBUG=1",
					"$(inherited)",
				);
				GCC_WARN_64_TO_32_BIT_CONVERSION = YES;
				GCC_WARN_ABOUT_RETURN_TYPE = YES_ERROR;
				GCC_WARN_UNDECLARED_SELECTOR = YES;
				GCC_WARN_UNINITIALIZED_AUTOS = YES_AGGRESSIVE;
				GCC_WARN_UNUSED_FUNCTION = YES;
				GCC_WARN_UNUSED_VARIABLE = YES;
				IPHONEOS_DEPLOYMENT_TARGET = 8.0;
				MTL_ENABLE_DEBUG_INFO = INCLUDE_SOURCE;
				MTL_FAST_MATH = YES;
				ONLY_ACTIVE_ARCH = YES;
				SDKROOT = iphoneos;
			};
			name = Debug;
		};
		FD1FB520239F7EFF00A271BF /* Release */ = {
			isa = XCBuildConfiguration;
			buildSettings = {
				ALWAYS_SEARCH_USER_PATHS = NO;
				CLANG_ANALYZER_NONNULL = YES;
				CLANG_ANALYZER_NUMBER_OBJECT_CONVERSION = YES_AGGRESSIVE;
				CLANG_CXX_LANGUAGE_STANDARD = "gnu++14";
				CLANG_CXX_LIBRARY = "libc++";
				CLANG_ENABLE_MODULES = YES;
				CLANG_ENABLE_OBJC_ARC = YES;
				CLANG_ENABLE_OBJC_WEAK = YES;
				CLANG_WARN_BLOCK_CAPTURE_AUTORELEASING = YES;
				CLANG_WARN_BOOL_CONVERSION = YES;
				CLANG_WARN_COMMA = YES;
				CLANG_WARN_CONSTANT_CONVERSION = YES;
				CLANG_WARN_DEPRECATED_OBJC_IMPLEMENTATIONS = YES;
				CLANG_WARN_DIRECT_OBJC_ISA_USAGE = YES_ERROR;
				CLANG_WARN_DOCUMENTATION_COMMENTS = YES;
				CLANG_WARN_EMPTY_BODY = YES;
				CLANG_WARN_ENUM_CONVERSION = YES;
				CLANG_WARN_INFINITE_RECURSION = YES;
				CLANG_WARN_INT_CONVERSION = YES;
				CLANG_WARN_NON_LITERAL_NULL_CONVERSION = YES;
				CLANG_WARN_OBJC_IMPLICIT_RETAIN_SELF = YES;
				CLANG_WARN_OBJC_LITERAL_CONVERSION = YES;
				CLANG_WARN_OBJC_ROOT_CLASS = YES_ERROR;
				CLANG_WARN_RANGE_LOOP_ANALYSIS = YES;
				CLANG_WARN_STRICT_PROTOTYPES = YES;
				CLANG_WARN_SUSPICIOUS_MOVE = YES;
				CLANG_WARN_UNGUARDED_AVAILABILITY = YES_AGGRESSIVE;
				CLANG_WARN_UNREACHABLE_CODE = YES;
				CLANG_WARN__DUPLICATE_METHOD_MATCH = YES;
				COPY_PHASE_STRIP = NO;
				DEBUG_INFORMATION_FORMAT = "dwarf-with-dsym";
				ENABLE_NS_ASSERTIONS = NO;
				ENABLE_STRICT_OBJC_MSGSEND = YES;
				GCC_C_LANGUAGE_STANDARD = gnu11;
				GCC_NO_COMMON_BLOCKS = YES;
				GCC_WARN_64_TO_32_BIT_CONVERSION = YES;
				GCC_WARN_ABOUT_RETURN_TYPE = YES_ERROR;
				GCC_WARN_UNDECLARED_SELECTOR = YES;
				GCC_WARN_UNINITIALIZED_AUTOS = YES_AGGRESSIVE;
				GCC_WARN_UNUSED_FUNCTION = YES;
				GCC_WARN_UNUSED_VARIABLE = YES;
				IPHONEOS_DEPLOYMENT_TARGET = 8.0;
				MTL_ENABLE_DEBUG_INFO = NO;
				MTL_FAST_MATH = YES;
				SDKROOT = iphoneos;
				VALIDATE_PRODUCT = YES;
			};
			name = Release;
		};
		FD1FB522239F7EFF00A271BF /* Debug */ = {
			isa = XCBuildConfiguration;
			buildSettings = {
				ASSETCATALOG_COMPILER_APPICON_NAME = AppIcon;
				CODE_SIGN_STYLE = Automatic;
				DEVELOPMENT_TEAM = 9GS5H72VYE;
				INFOPLIST_FILE = ShoppingCarAnimation/Info.plist;
				IPHONEOS_DEPLOYMENT_TARGET = 8.0;
				LD_RUNPATH_SEARCH_PATHS = (
					"$(inherited)",
					"@executable_path/Frameworks",
				);
				PRODUCT_BUNDLE_IDENTIFIER = YW.ShoppingCarAnimation;
				PRODUCT_NAME = "$(TARGET_NAME)";
				TARGETED_DEVICE_FAMILY = 1;
			};
			name = Debug;
		};
		FD1FB523239F7EFF00A271BF /* Release */ = {
			isa = XCBuildConfiguration;
			buildSettings = {
				ASSETCATALOG_COMPILER_APPICON_NAME = AppIcon;
				CODE_SIGN_STYLE = Automatic;
				DEVELOPMENT_TEAM = 9GS5H72VYE;
				INFOPLIST_FILE = ShoppingCarAnimation/Info.plist;
				IPHONEOS_DEPLOYMENT_TARGET = 8.0;
				LD_RUNPATH_SEARCH_PATHS = (
					"$(inherited)",
					"@executable_path/Frameworks",
				);
				PRODUCT_BUNDLE_IDENTIFIER = YW.ShoppingCarAnimation;
				PRODUCT_NAME = "$(TARGET_NAME)";
				TARGETED_DEVICE_FAMILY = 1;
			};
			name = Release;
		};
		FD1FB525239F7EFF00A271BF /* Debug */ = {
			isa = XCBuildConfiguration;
			buildSettings = {
				BUNDLE_LOADER = "$(TEST_HOST)";
				CODE_SIGN_STYLE = Automatic;
				DEVELOPMENT_TEAM = K9LWN778L7;
				INFOPLIST_FILE = ShoppingCarAnimationTests/Info.plist;
				IPHONEOS_DEPLOYMENT_TARGET = 13.1;
				LD_RUNPATH_SEARCH_PATHS = (
					"$(inherited)",
					"@executable_path/Frameworks",
					"@loader_path/Frameworks",
				);
				PRODUCT_BUNDLE_IDENTIFIER = YW.ShoppingCarAnimationTests;
				PRODUCT_NAME = "$(TARGET_NAME)";
				TARGETED_DEVICE_FAMILY = "1,2";
				TEST_HOST = "$(BUILT_PRODUCTS_DIR)/ShoppingCarAnimation.app/ShoppingCarAnimation";
			};
			name = Debug;
		};
		FD1FB526239F7EFF00A271BF /* Release */ = {
			isa = XCBuildConfiguration;
			buildSettings = {
				BUNDLE_LOADER = "$(TEST_HOST)";
				CODE_SIGN_STYLE = Automatic;
				DEVELOPMENT_TEAM = K9LWN778L7;
				INFOPLIST_FILE = ShoppingCarAnimationTests/Info.plist;
				IPHONEOS_DEPLOYMENT_TARGET = 13.1;
				LD_RUNPATH_SEARCH_PATHS = (
					"$(inherited)",
					"@executable_path/Frameworks",
					"@loader_path/Frameworks",
				);
				PRODUCT_BUNDLE_IDENTIFIER = YW.ShoppingCarAnimationTests;
				PRODUCT_NAME = "$(TARGET_NAME)";
				TARGETED_DEVICE_FAMILY = "1,2";
				TEST_HOST = "$(BUILT_PRODUCTS_DIR)/ShoppingCarAnimation.app/ShoppingCarAnimation";
			};
			name = Release;
		};
		FD1FB528239F7EFF00A271BF /* Debug */ = {
			isa = XCBuildConfiguration;
			buildSettings = {
				CODE_SIGN_STYLE = Automatic;
				DEVELOPMENT_TEAM = K9LWN778L7;
				INFOPLIST_FILE = ShoppingCarAnimationUITests/Info.plist;
				LD_RUNPATH_SEARCH_PATHS = (
					"$(inherited)",
					"@executable_path/Frameworks",
					"@loader_path/Frameworks",
				);
				PRODUCT_BUNDLE_IDENTIFIER = YW.ShoppingCarAnimationUITests;
				PRODUCT_NAME = "$(TARGET_NAME)";
				TARGETED_DEVICE_FAMILY = "1,2";
				TEST_TARGET_NAME = ShoppingCarAnimation;
			};
			name = Debug;
		};
		FD1FB529239F7EFF00A271BF /* Release */ = {
			isa = XCBuildConfiguration;
			buildSettings = {
				CODE_SIGN_STYLE = Automatic;
				DEVELOPMENT_TEAM = K9LWN778L7;
				INFOPLIST_FILE = ShoppingCarAnimationUITests/Info.plist;
				LD_RUNPATH_SEARCH_PATHS = (
					"$(inherited)",
					"@executable_path/Frameworks",
					"@loader_path/Frameworks",
				);
				PRODUCT_BUNDLE_IDENTIFIER = YW.ShoppingCarAnimationUITests;
				PRODUCT_NAME = "$(TARGET_NAME)";
				TARGETED_DEVICE_FAMILY = "1,2";
				TEST_TARGET_NAME = ShoppingCarAnimation;
			};
			name = Release;
		};
/* End XCBuildConfiguration section */

/* Begin XCConfigurationList section */
		FD1FB4ED239F7EFC00A271BF /* Build configuration list for PBXProject "ShoppingCarAnimation" */ = {
			isa = XCConfigurationList;
			buildConfigurations = (
				FD1FB51F239F7EFF00A271BF /* Debug */,
				FD1FB520239F7EFF00A271BF /* Release */,
			);
			defaultConfigurationIsVisible = 0;
			defaultConfigurationName = Release;
		};
		FD1FB521239F7EFF00A271BF /* Build configuration list for PBXNativeTarget "ShoppingCarAnimation" */ = {
			isa = XCConfigurationList;
			buildConfigurations = (
				FD1FB522239F7EFF00A271BF /* Debug */,
				FD1FB523239F7EFF00A271BF /* Release */,
			);
			defaultConfigurationIsVisible = 0;
			defaultConfigurationName = Release;
		};
		FD1FB524239F7EFF00A271BF /* Build configuration list for PBXNativeTarget "ShoppingCarAnimationTests" */ = {
			isa = XCConfigurationList;
			buildConfigurations = (
				FD1FB525239F7EFF00A271BF /* Debug */,
				FD1FB526239F7EFF00A271BF /* Release */,
			);
			defaultConfigurationIsVisible = 0;
			defaultConfigurationName = Release;
		};
		FD1FB527239F7EFF00A271BF /* Build configuration list for PBXNativeTarget "ShoppingCarAnimationUITests" */ = {
			isa = XCConfigurationList;
			buildConfigurations = (
				FD1FB528239F7EFF00A271BF /* Debug */,
				FD1FB529239F7EFF00A271BF /* Release */,
			);
			defaultConfigurationIsVisible = 0;
			defaultConfigurationName = Release;
		};
/* End XCConfigurationList section */
	};
	rootObject = FD1FB4EA239F7EFC00A271BF /* Project object */;
}
